
Microsoft Visual Studio Solution File, Format Version 12.00
# Visual Studio 15
VisualStudioVersion = 15.0.26124.0
MinimumVisualStudioVersion = 15.0.26124.0
Project("{FAE04EC0-301F-11D3-BF4B-00C04F79EFBC}") = "lisp-in-cool", "lisp\lisp-in-cool.csproj", "{B8C23D2C-B669-46C5-B753-BAE7811ADFC4}"
EndProject
Project("{FAE04EC0-301F-11D3-BF4B-00C04F79EFBC}") = "lisp.tests", "lisp.tests\lisp.tests.csproj", "{0F055878-8B20-4BD2-92FE-394357A4179D}"
EndProject
Global
	GlobalSection(SolutionConfigurationPlatforms) = preSolution
		Debug|Any CPU = Debug|Any CPU
		Debug|x64 = Debug|x64
		Debug|x86 = Debug|x86
		Release|Any CPU = Release|Any CPU
		Release|x64 = Release|x64
		Release|x86 = Release|x86
	EndGlobalSection
	GlobalSection(SolutionProperties) = preSolution
		HideSolutionNode = FALSE
	EndGlobalSection
	GlobalSection(ProjectConfigurationPlatforms) = postSolution
		{B8C23D2C-B669-46C5-B753-BAE7811ADFC4}.Debug|Any CPU.ActiveCfg = Debug|Any CPU
		{B8C23D2C-B669-46C5-B753-BAE7811ADFC4}.Debug|Any CPU.Build.0 = Debug|Any CPU
		{B8C23D2C-B669-46C5-B753-BAE7811ADFC4}.Debug|x64.ActiveCfg = Debug|x64
		{B8C23D2C-B669-46C5-B753-BAE7811ADFC4}.Debug|x64.Build.0 = Debug|x64
		{B8C23D2C-B669-46C5-B753-BAE7811ADFC4}.Debug|x86.ActiveCfg = Debug|x86
		{B8C23D2C-B669-46C5-B753-BAE7811ADFC4}.Debug|x86.Build.0 = Debug|x86
		{B8C23D2C-B669-46C5-B753-BAE7811ADFC4}.Release|Any CPU.ActiveCfg = Release|Any CPU
		{B8C23D2C-B669-46C5-B753-BAE7811ADFC4}.Release|Any CPU.Build.0 = Release|Any CPU
		{B8C23D2C-B669-46C5-B753-BAE7811ADFC4}.Release|x64.ActiveCfg = Release|x64
		{B8C23D2C-B669-46C5-B753-BAE7811ADFC4}.Release|x64.Build.0 = Release|x64
		{B8C23D2C-B669-46C5-B753-BAE7811ADFC4}.Release|x86.ActiveCfg = Release|x86
		{B8C23D2C-B669-46C5-B753-BAE7811ADFC4}.Release|x86.Build.0 = Release|x86
		{0F055878-8B20-4BD2-92FE-394357A4179D}.Debug|Any CPU.ActiveCfg = Debug|Any CPU
		{0F055878-8B20-4BD2-92FE-394357A4179D}.Debug|Any CPU.Build.0 = Debug|Any CPU
		{0F055878-8B20-4BD2-92FE-394357A4179D}.Debug|x64.ActiveCfg = Debug|x64
		{0F055878-8B20-4BD2-92FE-394357A4179D}.Debug|x64.Build.0 = Debug|x64
		{0F055878-8B20-4BD2-92FE-394357A4179D}.Debug|x86.ActiveCfg = Debug|x86
		{0F055878-8B20-4BD2-92FE-394357A4179D}.Debug|x86.Build.0 = Debug|x86
		{0F055878-8B20-4BD2-92FE-394357A4179D}.Release|Any CPU.ActiveCfg = Release|Any CPU
		{0F055878-8B20-4BD2-92FE-394357A4179D}.Release|Any CPU.Build.0 = Release|Any CPU
		{0F055878-8B20-4BD2-92FE-394357A4179D}.Release|x64.ActiveCfg = Release|x64
		{0F055878-8B20-4BD2-92FE-394357A4179D}.Release|x64.Build.0 = Release|x64
		{0F055878-8B20-4BD2-92FE-394357A4179D}.Release|x86.ActiveCfg = Release|x86
		{0F055878-8B20-4BD2-92FE-394357A4179D}.Release|x86.Build.0 = Release|x86
	EndGlobalSection
EndGlobal
